
Microsoft Visual Studio Solution File, Format Version 12.00
# Visual Studio Version 17
VisualStudioVersion = 17.8.34525.116
MinimumVisualStudioVersion = 10.0.40219.1
Project("{FAE04EC0-301F-11D3-BF4B-00C04F79EFBC}") = "API", "API.csproj", "{7E9DD96E-6AD7-45D3-BC04-87365EFA5965}"
EndProject
Project("{FAE04EC0-301F-11D3-BF4B-00C04F79EFBC}") = "APITest", "..\APITest\APITest.csproj", "{8B753BB1-0C17-4066-8D63-8B54FD461A92}"
EndProject
Global
	GlobalSection(SolutionConfigurationPlatforms) = preSolution
		Debug|Any CPU = Debug|Any CPU
		Release|Any CPU = Release|Any CPU
	EndGlobalSection
	GlobalSection(ProjectConfigurationPlatforms) = postSolution
		{7E9DD96E-6AD7-45D3-BC04-87365EFA5965}.Debug|Any CPU.ActiveCfg = Debug|Any CPU
		{7E9DD96E-6AD7-45D3-BC04-87365EFA5965}.Debug|Any CPU.Build.0 = Debug|Any CPU
		{7E9DD96E-6AD7-45D3-BC04-87365EFA5965}.Release|Any CPU.ActiveCfg = Release|Any CPU
		{7E9DD96E-6AD7-45D3-BC04-87365EFA5965}.Release|Any CPU.Build.0 = Release|Any CPU
		{8B753BB1-0C17-4066-8D63-8B54FD461A92}.Debug|Any CPU.ActiveCfg = Debug|Any CPU
		{8B753BB1-0C17-4066-8D63-8B54FD461A92}.Debug|Any CPU.Build.0 = Debug|Any CPU
		{8B753BB1-0C17-4066-8D63-8B54FD461A92}.Release|Any CPU.ActiveCfg = Release|Any CPU
		{8B753BB1-0C17-4066-8D63-8B54FD461A92}.Release|Any CPU.Build.0 = Release|Any CPU
	EndGlobalSection
	GlobalSection(SolutionProperties) = preSolution
		HideSolutionNode = FALSE
	EndGlobalSection
	GlobalSection(ExtensibilityGlobals) = postSolution
		SolutionGuid = {AF370167-FB07-4A93-AC44-3ABE2FC8E7C8}
	EndGlobalSection
EndGlobal
